
Microsoft Visual Studio Solution File, Format Version 12.00
# Visual Studio Version 16
VisualStudioVersion = 16.0.29613.14
MinimumVisualStudioVersion = 10.0.40219.1
Project("{FAE04EC0-301F-11D3-BF4B-00C04F79EFBC}") = "WebApp", "WebApp\WebApp.csproj", "{EC0FC87D-E6C3-44F6-A14F-99C053A7DE75}"
EndProject
Project("{00D1A9C2-B5F0-4AF3-8072-F6C62B433612}") = "Database", "Database\Database.sqlproj", "{67078733-011B-4908-8B07-EBB13A5A78CA}"
EndProject
Global
	GlobalSection(SolutionConfigurationPlatforms) = preSolution
		Debug|Any CPU = Debug|Any CPU
		Release|Any CPU = Release|Any CPU
	EndGlobalSection
	GlobalSection(ProjectConfigurationPlatforms) = postSolution
		{EC0FC87D-E6C3-44F6-A14F-99C053A7DE75}.Debug|Any CPU.ActiveCfg = Debug|Any CPU
		{EC0FC87D-E6C3-44F6-A14F-99C053A7DE75}.Debug|Any CPU.Build.0 = Debug|Any CPU
		{EC0FC87D-E6C3-44F6-A14F-99C053A7DE75}.Release|Any CPU.ActiveCfg = Release|Any CPU
		{EC0FC87D-E6C3-44F6-A14F-99C053A7DE75}.Release|Any CPU.Build.0 = Release|Any CPU
		{67078733-011B-4908-8B07-EBB13A5A78CA}.Debug|Any CPU.ActiveCfg = Debug|Any CPU
		{67078733-011B-4908-8B07-EBB13A5A78CA}.Debug|Any CPU.Build.0 = Debug|Any CPU
		{67078733-011B-4908-8B07-EBB13A5A78CA}.Debug|Any CPU.Deploy.0 = Debug|Any CPU
		{67078733-011B-4908-8B07-EBB13A5A78CA}.Release|Any CPU.ActiveCfg = Release|Any CPU
		{67078733-011B-4908-8B07-EBB13A5A78CA}.Release|Any CPU.Build.0 = Release|Any CPU
		{67078733-011B-4908-8B07-EBB13A5A78CA}.Release|Any CPU.Deploy.0 = Release|Any CPU
	EndGlobalSection
	GlobalSection(SolutionProperties) = preSolution
		HideSolutionNode = FALSE
	EndGlobalSection
	GlobalSection(ExtensibilityGlobals) = postSolution
		SolutionGuid = {CBFB593A-9DC9-4ACF-88FC-EFAC9F47AFCE}
	EndGlobalSection
EndGlobal
